
Microsoft Visual Studio Solution File, Format Version 12.00
# Visual Studio Version 17
VisualStudioVersion = 17.4.33213.308
MinimumVisualStudioVersion = 10.0.40219.1
Project("{FAE04EC0-301F-11D3-BF4B-00C04F79EFBC}") = "TryHard", "TryHard.csproj", "{51ED15C3-EFCA-477E-B221-2DA08AA3AF2B}"
EndProject
Global
	GlobalSection(SolutionConfigurationPlatforms) = preSolution
		Debug|Any CPU = Debug|Any CPU
		Release|Any CPU = Release|Any CPU
	EndGlobalSection
	GlobalSection(ProjectConfigurationPlatforms) = postSolution
		{51ED15C3-EFCA-477E-B221-2DA08AA3AF2B}.Debug|Any CPU.ActiveCfg = Debug|Any CPU
		{51ED15C3-EFCA-477E-B221-2DA08AA3AF2B}.Debug|Any CPU.Build.0 = Debug|Any CPU
		{51ED15C3-EFCA-477E-B221-2DA08AA3AF2B}.Release|Any CPU.ActiveCfg = Release|Any CPU
		{51ED15C3-EFCA-477E-B221-2DA08AA3AF2B}.Release|Any CPU.Build.0 = Release|Any CPU
	EndGlobalSection
	GlobalSection(SolutionProperties) = preSolution
		HideSolutionNode = FALSE
	EndGlobalSection
	GlobalSection(ExtensibilityGlobals) = postSolution
		SolutionGuid = {8E3B853D-26CE-45AA-92C3-42F3EA65FCC9}
	EndGlobalSection
EndGlobal
